{
  "meteor": {},
  "dependencies": {
    "basePackages": {
      "iron-router": {},
      "momentjs": {},
      "livestamp": {},
      "mixpanel-light": {}
    },
    "packages": {
      "iron-router": {
        "git": "https://github.com/EventedMind/iron-router.git",
        "tag": "v0.6.2",
        "commit": "ce56e58b45624dce992490f3a1c10f10d3948bae"
      },
      "momentjs": {
        "git": "https://github.com/crapthings/meteor-momentjs.git",
        "tag": "v2.1.0.2",
        "commit": "59a762e297082eea8b8cae00374c2b7ac6f89529"
      },
      "livestamp": {
        "git": "https://github.com/colllin/meteor-livestamp.git",
        "tag": "v1.1.2.1",
        "commit": "070821be066925e5177daf1d3398c759c45b15b4"
      },
      "mixpanel-light": {
        "git": "https://github.com/percolatestudio/meteor-mixpanel.git",
        "tag": "v0.1.0",
        "commit": "eed9866415f2063521a3d170e58a766019a683d8"
      }
    }
  }
}
